
Microsoft Visual Studio Solution File, Format Version 12.00
# Visual Studio Version 17
VisualStudioVersion = 17.1.32421.90
MinimumVisualStudioVersion = 10.0.40219.1
Project("{888888A0-9F3D-457C-B088-3A5042F75D52}") = "GitGpt", "GitGpt\GitGpt.pyproj", "{36447420-96E0-4C89-BB5A-978A7AE88AEA}"
EndProject
Global
	GlobalSection(SolutionConfigurationPlatforms) = preSolution
		Debug|Any CPU = Debug|Any CPU
		Release|Any CPU = Release|Any CPU
	EndGlobalSection
	GlobalSection(ProjectConfigurationPlatforms) = postSolution
		{36447420-96E0-4C89-BB5A-978A7AE88AEA}.Debug|Any CPU.ActiveCfg = Debug|Any CPU
		{36447420-96E0-4C89-BB5A-978A7AE88AEA}.Release|Any CPU.ActiveCfg = Release|Any CPU
	EndGlobalSection
	GlobalSection(SolutionProperties) = preSolution
		HideSolutionNode = FALSE
	EndGlobalSection
	GlobalSection(ExtensibilityGlobals) = postSolution
		SolutionGuid = {A890791F-4C9E-4104-A669-18849299B04A}
	EndGlobalSection
EndGlobal
